
Microsoft Visual Studio Solution File, Format Version 12.00
# Visual Studio Version 16
VisualStudioVersion = 16.0.31613.86
MinimumVisualStudioVersion = 10.0.40219.1
Project("{9A19103F-16F7-4668-BE54-9A1E7A4F7556}") = "Product.Core", "Product.Core\Product.Core.csproj", "{2A28767A-9C90-42AB-8CD3-7CA21D94CBD5}"
EndProject
Project("{9A19103F-16F7-4668-BE54-9A1E7A4F7556}") = "Product.Data", "Product.Data\Product.Data.csproj", "{78D3BE2F-9DA8-420F-919E-48F4DB69A4A0}"
EndProject
Global
	GlobalSection(SolutionConfigurationPlatforms) = preSolution
		Debug|Any CPU = Debug|Any CPU
		Release|Any CPU = Release|Any CPU
	EndGlobalSection
	GlobalSection(ProjectConfigurationPlatforms) = postSolution
		{2A28767A-9C90-42AB-8CD3-7CA21D94CBD5}.Debug|Any CPU.ActiveCfg = Debug|Any CPU
		{2A28767A-9C90-42AB-8CD3-7CA21D94CBD5}.Debug|Any CPU.Build.0 = Debug|Any CPU
		{2A28767A-9C90-42AB-8CD3-7CA21D94CBD5}.Release|Any CPU.ActiveCfg = Release|Any CPU
		{2A28767A-9C90-42AB-8CD3-7CA21D94CBD5}.Release|Any CPU.Build.0 = Release|Any CPU
		{78D3BE2F-9DA8-420F-919E-48F4DB69A4A0}.Debug|Any CPU.ActiveCfg = Debug|Any CPU
		{78D3BE2F-9DA8-420F-919E-48F4DB69A4A0}.Debug|Any CPU.Build.0 = Debug|Any CPU
		{78D3BE2F-9DA8-420F-919E-48F4DB69A4A0}.Release|Any CPU.ActiveCfg = Release|Any CPU
		{78D3BE2F-9DA8-420F-919E-48F4DB69A4A0}.Release|Any CPU.Build.0 = Release|Any CPU
	EndGlobalSection
	GlobalSection(SolutionProperties) = preSolution
		HideSolutionNode = FALSE
	EndGlobalSection
	GlobalSection(ExtensibilityGlobals) = postSolution
		SolutionGuid = {3BEB9ABA-B1B9-485E-A237-A292246B17E6}
	EndGlobalSection
EndGlobal
